
Microsoft Visual Studio Solution File, Format Version 12.00
# Visual Studio 15
VisualStudioVersion = 15.0.28107.0
MinimumVisualStudioVersion = 10.0.40219.1
Project("{FAE04EC0-301F-11D3-BF4B-00C04F79EFBC}") = "SysLogistic", "SysLogistic\SysLogistic.csproj", "{F2D168A7-C2F4-43D5-A9C8-1CEB1810682B}"
EndProject
Project("{2150E333-8FDC-42A3-9474-1A3956D46DE8}") = "Domain", "Domain", "{F87C0064-7131-49B0-BB34-D3560C1AC993}"
EndProject
Project("{FAE04EC0-301F-11D3-BF4B-00C04F79EFBC}") = "Domain.Entities", "Domain.Entities\Domain.Entities.csproj", "{6B72384B-295B-4282-B063-CC9D24444477}"
EndProject
Project("{2150E333-8FDC-42A3-9474-1A3956D46DE8}") = "Infrastructure", "Infrastructure", "{42A3EB2F-99C1-4629-AAD3-2736CE99B6FE}"
EndProject
Project("{2150E333-8FDC-42A3-9474-1A3956D46DE8}") = "Services", "Services", "{82E998B5-997D-450E-9F39-AB48CCD464D7}"
EndProject
Project("{FAE04EC0-301F-11D3-BF4B-00C04F79EFBC}") = "Services.Interfaces", "Services.Interfaces\Services.Interfaces.csproj", "{FE176A5A-8FC8-4714-B1C4-FCCDF5AC1DD1}"
EndProject
Project("{FAE04EC0-301F-11D3-BF4B-00C04F79EFBC}") = "Infraestructure.SQLERepository", "Infraestructure.SQLERepository\Infraestructure.SQLERepository.csproj", "{7D3FC3C7-83FC-4ED9-9FED-74A5EF407467}"
EndProject
Project("{FAE04EC0-301F-11D3-BF4B-00C04F79EFBC}") = "Infraestructure.DataMapping", "Infraestructure.DataMapping\Infraestructure.DataMapping.csproj", "{56856D59-92B5-460F-A5CC-DCE449E31726}"
EndProject
Project("{FAE04EC0-301F-11D3-BF4B-00C04F79EFBC}") = "Services.Implementation.SQL", "Services.Implementation.SQL\Services.Implementation.SQL.csproj", "{49D76D28-C1FB-4560-B6E5-5255590E7DC1}"
EndProject
Project("{2150E333-8FDC-42A3-9474-1A3956D46DE8}") = "Presentation", "Presentation", "{8593C85A-AAE5-43DF-AAEA-E8FF04F0E303}"
EndProject
Project("{FAE04EC0-301F-11D3-BF4B-00C04F79EFBC}") = "APISysLogistic", "APISysLogistic\APISysLogistic.csproj", "{B77585E5-CE2F-4B52-BB13-7FE513C76901}"
EndProject
Global
	GlobalSection(SolutionConfigurationPlatforms) = preSolution
		Debug|Any CPU = Debug|Any CPU
		Release|Any CPU = Release|Any CPU
	EndGlobalSection
	GlobalSection(ProjectConfigurationPlatforms) = postSolution
		{F2D168A7-C2F4-43D5-A9C8-1CEB1810682B}.Debug|Any CPU.ActiveCfg = Debug|Any CPU
		{F2D168A7-C2F4-43D5-A9C8-1CEB1810682B}.Debug|Any CPU.Build.0 = Debug|Any CPU
		{F2D168A7-C2F4-43D5-A9C8-1CEB1810682B}.Release|Any CPU.ActiveCfg = Release|Any CPU
		{F2D168A7-C2F4-43D5-A9C8-1CEB1810682B}.Release|Any CPU.Build.0 = Release|Any CPU
		{6B72384B-295B-4282-B063-CC9D24444477}.Debug|Any CPU.ActiveCfg = Debug|Any CPU
		{6B72384B-295B-4282-B063-CC9D24444477}.Debug|Any CPU.Build.0 = Debug|Any CPU
		{6B72384B-295B-4282-B063-CC9D24444477}.Release|Any CPU.ActiveCfg = Release|Any CPU
		{6B72384B-295B-4282-B063-CC9D24444477}.Release|Any CPU.Build.0 = Release|Any CPU
		{FE176A5A-8FC8-4714-B1C4-FCCDF5AC1DD1}.Debug|Any CPU.ActiveCfg = Debug|Any CPU
		{FE176A5A-8FC8-4714-B1C4-FCCDF5AC1DD1}.Debug|Any CPU.Build.0 = Debug|Any CPU
		{FE176A5A-8FC8-4714-B1C4-FCCDF5AC1DD1}.Release|Any CPU.ActiveCfg = Release|Any CPU
		{FE176A5A-8FC8-4714-B1C4-FCCDF5AC1DD1}.Release|Any CPU.Build.0 = Release|Any CPU
		{7D3FC3C7-83FC-4ED9-9FED-74A5EF407467}.Debug|Any CPU.ActiveCfg = Debug|Any CPU
		{7D3FC3C7-83FC-4ED9-9FED-74A5EF407467}.Debug|Any CPU.Build.0 = Debug|Any CPU
		{7D3FC3C7-83FC-4ED9-9FED-74A5EF407467}.Release|Any CPU.ActiveCfg = Release|Any CPU
		{7D3FC3C7-83FC-4ED9-9FED-74A5EF407467}.Release|Any CPU.Build.0 = Release|Any CPU
		{56856D59-92B5-460F-A5CC-DCE449E31726}.Debug|Any CPU.ActiveCfg = Debug|Any CPU
		{56856D59-92B5-460F-A5CC-DCE449E31726}.Debug|Any CPU.Build.0 = Debug|Any CPU
		{56856D59-92B5-460F-A5CC-DCE449E31726}.Release|Any CPU.ActiveCfg = Release|Any CPU
		{56856D59-92B5-460F-A5CC-DCE449E31726}.Release|Any CPU.Build.0 = Release|Any CPU
		{49D76D28-C1FB-4560-B6E5-5255590E7DC1}.Debug|Any CPU.ActiveCfg = Debug|Any CPU
		{49D76D28-C1FB-4560-B6E5-5255590E7DC1}.Debug|Any CPU.Build.0 = Debug|Any CPU
		{49D76D28-C1FB-4560-B6E5-5255590E7DC1}.Release|Any CPU.ActiveCfg = Release|Any CPU
		{49D76D28-C1FB-4560-B6E5-5255590E7DC1}.Release|Any CPU.Build.0 = Release|Any CPU
		{B77585E5-CE2F-4B52-BB13-7FE513C76901}.Debug|Any CPU.ActiveCfg = Debug|Any CPU
		{B77585E5-CE2F-4B52-BB13-7FE513C76901}.Debug|Any CPU.Build.0 = Debug|Any CPU
		{B77585E5-CE2F-4B52-BB13-7FE513C76901}.Release|Any CPU.ActiveCfg = Release|Any CPU
		{B77585E5-CE2F-4B52-BB13-7FE513C76901}.Release|Any CPU.Build.0 = Release|Any CPU
	EndGlobalSection
	GlobalSection(SolutionProperties) = preSolution
		HideSolutionNode = FALSE
	EndGlobalSection
	GlobalSection(NestedProjects) = preSolution
		{F2D168A7-C2F4-43D5-A9C8-1CEB1810682B} = {8593C85A-AAE5-43DF-AAEA-E8FF04F0E303}
		{6B72384B-295B-4282-B063-CC9D24444477} = {F87C0064-7131-49B0-BB34-D3560C1AC993}
		{FE176A5A-8FC8-4714-B1C4-FCCDF5AC1DD1} = {82E998B5-997D-450E-9F39-AB48CCD464D7}
		{7D3FC3C7-83FC-4ED9-9FED-74A5EF407467} = {42A3EB2F-99C1-4629-AAD3-2736CE99B6FE}
		{56856D59-92B5-460F-A5CC-DCE449E31726} = {42A3EB2F-99C1-4629-AAD3-2736CE99B6FE}
		{49D76D28-C1FB-4560-B6E5-5255590E7DC1} = {82E998B5-997D-450E-9F39-AB48CCD464D7}
		{B77585E5-CE2F-4B52-BB13-7FE513C76901} = {8593C85A-AAE5-43DF-AAEA-E8FF04F0E303}
	EndGlobalSection
	GlobalSection(ExtensibilityGlobals) = postSolution
		SolutionGuid = {840FA385-BD76-4F5B-B22D-1959CDED161B}
	EndGlobalSection
EndGlobal
